
Microsoft Visual Studio Solution File, Format Version 12.00
# Visual Studio Version 17
VisualStudioVersion = 17.14.36221.1 d17.14
MinimumVisualStudioVersion = 10.0.40219.1
Project("{FAE04EC0-301F-11D3-BF4B-00C04F79EFBC}") = "Demo", "Demo\Demo.csproj", "{347F855B-53C2-4DAD-9D86-8B7B2D4BDED8}"
EndProject
Global
	GlobalSection(SolutionConfigurationPlatforms) = preSolution
		Debug|Any CPU = Debug|Any CPU
		Release|Any CPU = Release|Any CPU
	EndGlobalSection
	GlobalSection(ProjectConfigurationPlatforms) = postSolution
		{347F855B-53C2-4DAD-9D86-8B7B2D4BDED8}.Debug|Any CPU.ActiveCfg = Debug|Any CPU
		{347F855B-53C2-4DAD-9D86-8B7B2D4BDED8}.Debug|Any CPU.Build.0 = Debug|Any CPU
		{347F855B-53C2-4DAD-9D86-8B7B2D4BDED8}.Release|Any CPU.ActiveCfg = Release|Any CPU
		{347F855B-53C2-4DAD-9D86-8B7B2D4BDED8}.Release|Any CPU.Build.0 = Release|Any CPU
	EndGlobalSection
	GlobalSection(SolutionProperties) = preSolution
		HideSolutionNode = FALSE
	EndGlobalSection
	GlobalSection(ExtensibilityGlobals) = postSolution
		SolutionGuid = {69A5B67E-F6A7-4810-A65E-EA012D070813}
	EndGlobalSection
EndGlobal
